
Microsoft Visual Studio Solution File, Format Version 12.00
# Visual Studio Version 16
VisualStudioVersion = 16.0.29215.179
MinimumVisualStudioVersion = 10.0.40219.1
Project("{FAE04EC0-301F-11D3-BF4B-00C04F79EFBC}") = "Sorting_Algorithms", "Sorting_Algorithms\Sorting_Algorithms.csproj", "{B32AA755-1DC9-40B3-B21A-EB5B02A2097A}"
EndProject
Global
	GlobalSection(SolutionConfigurationPlatforms) = preSolution
		Debug|Any CPU = Debug|Any CPU
		Release|Any CPU = Release|Any CPU
	EndGlobalSection
	GlobalSection(ProjectConfigurationPlatforms) = postSolution
		{B32AA755-1DC9-40B3-B21A-EB5B02A2097A}.Debug|Any CPU.ActiveCfg = Debug|Any CPU
		{B32AA755-1DC9-40B3-B21A-EB5B02A2097A}.Debug|Any CPU.Build.0 = Debug|Any CPU
		{B32AA755-1DC9-40B3-B21A-EB5B02A2097A}.Release|Any CPU.ActiveCfg = Release|Any CPU
		{B32AA755-1DC9-40B3-B21A-EB5B02A2097A}.Release|Any CPU.Build.0 = Release|Any CPU
	EndGlobalSection
	GlobalSection(SolutionProperties) = preSolution
		HideSolutionNode = FALSE
	EndGlobalSection
	GlobalSection(ExtensibilityGlobals) = postSolution
		SolutionGuid = {8F2FAAFC-CC10-4BB5-A8FC-B0192FFD72E1}
	EndGlobalSection
EndGlobal
